// !$*UTF8*$!
{
	archiveVersion = 1;
	classes = {
	};
	objectVersion = 52;
	objects = {

/* Begin PBXBuildFile section */
		132301AB7FB18A2112F8798E /* Pods_MidTerm.framework in Frameworks */ = {isa = PBXBuildFile; fileRef = 66A4DAFA5EAA3C8FC7828D7E /* Pods_MidTerm.framework */; };
		5A48ABFD256A72580070CE17 /* GuestTableRecord.swift in Sources */ = {isa = PBXBuildFile; fileRef = 5A48ABFC256A72580070CE17 /* GuestTableRecord.swift */; };
		5A48AC01256A72640070CE17 /* GuestTableRecord.xib in Resources */ = {isa = PBXBuildFile; fileRef = 5A48AC00256A72640070CE17 /* GuestTableRecord.xib */; };
		5A48AC09256A72A60070CE17 /* GuestTableRecordCell.swift in Sources */ = {isa = PBXBuildFile; fileRef = 5A48AC07256A72A60070CE17 /* GuestTableRecordCell.swift */; };
		5A48AC0A256A72A60070CE17 /* GuestTableRecordCell.xib in Resources */ = {isa = PBXBuildFile; fileRef = 5A48AC08256A72A60070CE17 /* GuestTableRecordCell.xib */; };
		5A48AC10256AA2D70070CE17 /* EventShow.swift in Sources */ = {isa = PBXBuildFile; fileRef = 5A48AC0F256AA2D70070CE17 /* EventShow.swift */; };
		5A48AC2A256AC9BF0070CE17 /* SearchNameResultCell.swift in Sources */ = {isa = PBXBuildFile; fileRef = 5A48AC28256AC9BF0070CE17 /* SearchNameResultCell.swift */; };
		5A48AC2B256AC9BF0070CE17 /* SearchNameResultCell.xib in Resources */ = {isa = PBXBuildFile; fileRef = 5A48AC29256AC9BF0070CE17 /* SearchNameResultCell.xib */; };
		5A5F349925679EDC009F8845 /* GuestDetailViewController.swift in Sources */ = {isa = PBXBuildFile; fileRef = 5A5F349825679EDC009F8845 /* GuestDetailViewController.swift */; };
		5A5F34A52567C404009F8845 /* GuestInfo.swift in Sources */ = {isa = PBXBuildFile; fileRef = 5A5F34A42567C404009F8845 /* GuestInfo.swift */; };
		5A762C9C2566B76B00FE9B58 /* Realm in Frameworks */ = {isa = PBXBuildFile; productRef = 5A762C9B2566B76B00FE9B58 /* Realm */; };
		5A762C9E2566B76B00FE9B58 /* RealmSwift in Frameworks */ = {isa = PBXBuildFile; productRef = 5A762C9D2566B76B00FE9B58 /* RealmSwift */; };
		5A7DC80325652D9D007EB493 /* FontPickerViewController.swift in Sources */ = {isa = PBXBuildFile; fileRef = 5A7DC80225652D9D007EB493 /* FontPickerViewController.swift */; };
		5A7DC80625652DB8007EB493 /* FontPicker.xib in Resources */ = {isa = PBXBuildFile; fileRef = 5A7DC80525652DB8007EB493 /* FontPicker.xib */; };
		5AAA5B6325636C940004845B /* AppDelegate.swift in Sources */ = {isa = PBXBuildFile; fileRef = 5AAA5B6225636C940004845B /* AppDelegate.swift */; };
		5AAA5B6525636C940004845B /* SceneDelegate.swift in Sources */ = {isa = PBXBuildFile; fileRef = 5AAA5B6425636C940004845B /* SceneDelegate.swift */; };
		5AAA5B6725636C940004845B /* WelcomeViewController.swift in Sources */ = {isa = PBXBuildFile; fileRef = 5AAA5B6625636C940004845B /* WelcomeViewController.swift */; };
		5AAA5B6C25636C950004845B /* Assets.xcassets in Resources */ = {isa = PBXBuildFile; fileRef = 5AAA5B6B25636C950004845B /* Assets.xcassets */; };
		5AAA5B6F25636C950004845B /* LaunchScreen.storyboard in Resources */ = {isa = PBXBuildFile; fileRef = 5AAA5B6D25636C950004845B /* LaunchScreen.storyboard */; };
		5AE262B425674E3F0084717A /* GuestLastNameViewController.swift in Sources */ = {isa = PBXBuildFile; fileRef = 5AE262B325674E3F0084717A /* GuestLastNameViewController.swift */; };
		5AE262B82567977E0084717A /* AddGuestViewController.swift in Sources */ = {isa = PBXBuildFile; fileRef = 5AE262B72567977E0084717A /* AddGuestViewController.swift */; };
		5AE262BC25679AD50084717A /* GuestSearchResultViewController.swift in Sources */ = {isa = PBXBuildFile; fileRef = 5AE262BB25679AD50084717A /* GuestSearchResultViewController.swift */; };
		5AE4C084256637E9004F0EFC /* ColorPicker.swift in Sources */ = {isa = PBXBuildFile; fileRef = 5AE4C083256637E9004F0EFC /* ColorPicker.swift */; };
		5AE4C087256637F9004F0EFC /* ColorPicker.xib in Resources */ = {isa = PBXBuildFile; fileRef = 5AE4C086256637F9004F0EFC /* ColorPicker.xib */; };
		5AE4C08B25663C5C004F0EFC /* ColorPickerCell.swift in Sources */ = {isa = PBXBuildFile; fileRef = 5AE4C08925663C5C004F0EFC /* ColorPickerCell.swift */; };
		5AE4C08C25663C5C004F0EFC /* ColorPickerCell.xib in Resources */ = {isa = PBXBuildFile; fileRef = 5AE4C08A25663C5C004F0EFC /* ColorPickerCell.xib */; };
		5AFC2555256B6E210090DBBA /* WhoseSameTableCell.swift in Sources */ = {isa = PBXBuildFile; fileRef = 5AFC2554256B6E210090DBBA /* WhoseSameTableCell.swift */; };
		5AFC255B256B9F2B0090DBBA /* User.swift in Sources */ = {isa = PBXBuildFile; fileRef = 5AFC255A256B9F2B0090DBBA /* User.swift */; };
		5AFC255F256BA3320090DBBA /* UserManager.swift in Sources */ = {isa = PBXBuildFile; fileRef = 5AFC255E256BA3320090DBBA /* UserManager.swift */; };
		5AFF40322563996900EB9113 /* LoginViewController.swift in Sources */ = {isa = PBXBuildFile; fileRef = 5AFF40312563996900EB9113 /* LoginViewController.swift */; };
		5AFF403B256399E000EB9113 /* Main.storyboard in Resources */ = {isa = PBXBuildFile; fileRef = 5AFF403A256399E000EB9113 /* Main.storyboard */; };
		5AFF404125639CD100EB9113 /* Components.swift in Sources */ = {isa = PBXBuildFile; fileRef = 5AFF404025639CD100EB9113 /* Components.swift */; };
		5AFF40452563CC2100EB9113 /* GuestWelcomeViewController.swift in Sources */ = {isa = PBXBuildFile; fileRef = 5AFF40442563CC2100EB9113 /* GuestWelcomeViewController.swift */; };
		5AFF40482563CC7300EB9113 /* AdminViewController.swift in Sources */ = {isa = PBXBuildFile; fileRef = 5AFF40472563CC7300EB9113 /* AdminViewController.swift */; };
		5AFF404B2563D9D500EB9113 /* CreateEventViewController.swift in Sources */ = {isa = PBXBuildFile; fileRef = 5AFF404A2563D9D500EB9113 /* CreateEventViewController.swift */; };
/* End PBXBuildFile section */

/* Begin PBXFileReference section */
		223D5FD838D6D7D1B3BC790B /* Pods-MidTerm.release.xcconfig */ = {isa = PBXFileReference; includeInIndex = 1; lastKnownFileType = text.xcconfig; name = "Pods-MidTerm.release.xcconfig"; path = "Target Support Files/Pods-MidTerm/Pods-MidTerm.release.xcconfig"; sourceTree = "<group>"; };
		3E6EF7B5943B06B848FBAB13 /* Pods-MidTerm.debug.xcconfig */ = {isa = PBXFileReference; includeInIndex = 1; lastKnownFileType = text.xcconfig; name = "Pods-MidTerm.debug.xcconfig"; path = "Target Support Files/Pods-MidTerm/Pods-MidTerm.debug.xcconfig"; sourceTree = "<group>"; };
		5A48ABFC256A72580070CE17 /* GuestTableRecord.swift */ = {isa = PBXFileReference; lastKnownFileType = sourcecode.swift; path = GuestTableRecord.swift; sourceTree = "<group>"; };
		5A48AC00256A72640070CE17 /* GuestTableRecord.xib */ = {isa = PBXFileReference; lastKnownFileType = file.xib; path = GuestTableRecord.xib; sourceTree = "<group>"; };
		5A48AC07256A72A60070CE17 /* GuestTableRecordCell.swift */ = {isa = PBXFileReference; lastKnownFileType = sourcecode.swift; path = GuestTableRecordCell.swift; sourceTree = "<group>"; };
		5A48AC08256A72A60070CE17 /* GuestTableRecordCell.xib */ = {isa = PBXFileReference; lastKnownFileType = file.xib; path = GuestTableRecordCell.xib; sourceTree = "<group>"; };
		5A48AC0F256AA2D70070CE17 /* EventShow.swift */ = {isa = PBXFileReference; lastKnownFileType = sourcecode.swift; path = EventShow.swift; sourceTree = "<group>"; };
		5A48AC28256AC9BF0070CE17 /* SearchNameResultCell.swift */ = {isa = PBXFileReference; lastKnownFileType = sourcecode.swift; path = SearchNameResultCell.swift; sourceTree = "<group>"; };
		5A48AC29256AC9BF0070CE17 /* SearchNameResultCell.xib */ = {isa = PBXFileReference; lastKnownFileType = file.xib; path = SearchNameResultCell.xib; sourceTree = "<group>"; };
		5A5F349825679EDC009F8845 /* GuestDetailViewController.swift */ = {isa = PBXFileReference; lastKnownFileType = sourcecode.swift; path = GuestDetailViewController.swift; sourceTree = "<group>"; };
		5A5F34A42567C404009F8845 /* GuestInfo.swift */ = {isa = PBXFileReference; lastKnownFileType = sourcecode.swift; path = GuestInfo.swift; sourceTree = "<group>"; };
		5A7DC80225652D9D007EB493 /* FontPickerViewController.swift */ = {isa = PBXFileReference; lastKnownFileType = sourcecode.swift; path = FontPickerViewController.swift; sourceTree = "<group>"; };
		5A7DC80525652DB8007EB493 /* FontPicker.xib */ = {isa = PBXFileReference; lastKnownFileType = file.xib; path = FontPicker.xib; sourceTree = "<group>"; };
		5AAA5B5F25636C940004845B /* MidTerm.app */ = {isa = PBXFileReference; explicitFileType = wrapper.application; includeInIndex = 0; path = MidTerm.app; sourceTree = BUILT_PRODUCTS_DIR; };
		5AAA5B6225636C940004845B /* AppDelegate.swift */ = {isa = PBXFileReference; lastKnownFileType = sourcecode.swift; path = AppDelegate.swift; sourceTree = "<group>"; };
		5AAA5B6425636C940004845B /* SceneDelegate.swift */ = {isa = PBXFileReference; lastKnownFileType = sourcecode.swift; path = SceneDelegate.swift; sourceTree = "<group>"; };
		5AAA5B6625636C940004845B /* WelcomeViewController.swift */ = {isa = PBXFileReference; lastKnownFileType = sourcecode.swift; path = WelcomeViewController.swift; sourceTree = "<group>"; };
		5AAA5B6B25636C950004845B /* Assets.xcassets */ = {isa = PBXFileReference; lastKnownFileType = folder.assetcatalog; path = Assets.xcassets; sourceTree = "<group>"; };
		5AAA5B6E25636C950004845B /* Base */ = {isa = PBXFileReference; lastKnownFileType = file.storyboard; name = Base; path = Base.lproj/LaunchScreen.storyboard; sourceTree = "<group>"; };
		5AAA5B7025636C950004845B /* Info.plist */ = {isa = PBXFileReference; lastKnownFileType = text.plist.xml; path = Info.plist; sourceTree = "<group>"; };
		5AE262B325674E3F0084717A /* GuestLastNameViewController.swift */ = {isa = PBXFileReference; lastKnownFileType = sourcecode.swift; path = GuestLastNameViewController.swift; sourceTree = "<group>"; };
		5AE262B72567977E0084717A /* AddGuestViewController.swift */ = {isa = PBXFileReference; lastKnownFileType = sourcecode.swift; path = AddGuestViewController.swift; sourceTree = "<group>"; };
		5AE262BB25679AD50084717A /* GuestSearchResultViewController.swift */ = {isa = PBXFileReference; lastKnownFileType = sourcecode.swift; path = GuestSearchResultViewController.swift; sourceTree = "<group>"; };
		5AE4C083256637E9004F0EFC /* ColorPicker.swift */ = {isa = PBXFileReference; lastKnownFileType = sourcecode.swift; path = ColorPicker.swift; sourceTree = "<group>"; };
		5AE4C086256637F9004F0EFC /* ColorPicker.xib */ = {isa = PBXFileReference; lastKnownFileType = file.xib; path = ColorPicker.xib; sourceTree = "<group>"; };
		5AE4C08925663C5C004F0EFC /* ColorPickerCell.swift */ = {isa = PBXFileReference; lastKnownFileType = sourcecode.swift; path = ColorPickerCell.swift; sourceTree = "<group>"; };
		5AE4C08A25663C5C004F0EFC /* ColorPickerCell.xib */ = {isa = PBXFileReference; lastKnownFileType = file.xib; path = ColorPickerCell.xib; sourceTree = "<group>"; };
		5AFC2554256B6E210090DBBA /* WhoseSameTableCell.swift */ = {isa = PBXFileReference; lastKnownFileType = sourcecode.swift; path = WhoseSameTableCell.swift; sourceTree = "<group>"; };
		5AFC255A256B9F2B0090DBBA /* User.swift */ = {isa = PBXFileReference; lastKnownFileType = sourcecode.swift; path = User.swift; sourceTree = "<group>"; };
		5AFC255E256BA3320090DBBA /* UserManager.swift */ = {isa = PBXFileReference; lastKnownFileType = sourcecode.swift; path = UserManager.swift; sourceTree = "<group>"; };
		5AFF40312563996900EB9113 /* LoginViewController.swift */ = {isa = PBXFileReference; lastKnownFileType = sourcecode.swift; path = LoginViewController.swift; sourceTree = "<group>"; };
		5AFF403A256399E000EB9113 /* Main.storyboard */ = {isa = PBXFileReference; lastKnownFileType = file.storyboard; path = Main.storyboard; sourceTree = "<group>"; };
		5AFF404025639CD100EB9113 /* Components.swift */ = {isa = PBXFileReference; lastKnownFileType = sourcecode.swift; path = Components.swift; sourceTree = "<group>"; };
		5AFF40442563CC2100EB9113 /* GuestWelcomeViewController.swift */ = {isa = PBXFileReference; lastKnownFileType = sourcecode.swift; path = GuestWelcomeViewController.swift; sourceTree = "<group>"; };
		5AFF40472563CC7300EB9113 /* AdminViewController.swift */ = {isa = PBXFileReference; lastKnownFileType = sourcecode.swift; path = AdminViewController.swift; sourceTree = "<group>"; };
		5AFF404A2563D9D500EB9113 /* CreateEventViewController.swift */ = {isa = PBXFileReference; lastKnownFileType = sourcecode.swift; path = CreateEventViewController.swift; sourceTree = "<group>"; };
		66A4DAFA5EAA3C8FC7828D7E /* Pods_MidTerm.framework */ = {isa = PBXFileReference; explicitFileType = wrapper.framework; includeInIndex = 0; path = Pods_MidTerm.framework; sourceTree = BUILT_PRODUCTS_DIR; };
/* End PBXFileReference section */

/* Begin PBXFrameworksBuildPhase section */
		5AAA5B5C25636C940004845B /* Frameworks */ = {
			isa = PBXFrameworksBuildPhase;
			buildActionMask = 2147483647;
			files = (
				5A762C9E2566B76B00FE9B58 /* RealmSwift in Frameworks */,
				5A762C9C2566B76B00FE9B58 /* Realm in Frameworks */,
				132301AB7FB18A2112F8798E /* Pods_MidTerm.framework in Frameworks */,
			);
			runOnlyForDeploymentPostprocessing = 0;
		};
/* End PBXFrameworksBuildPhase section */

/* Begin PBXGroup section */
		58F66ECDD532DA1685A29AF7 /* Frameworks */ = {
			isa = PBXGroup;
			children = (
				66A4DAFA5EAA3C8FC7828D7E /* Pods_MidTerm.framework */,
			);
			name = Frameworks;
			sourceTree = "<group>";
		};
		5A1592472566008D00857FD2 /* FontPickerViewController */ = {
			isa = PBXGroup;
			children = (
				5A7DC80225652D9D007EB493 /* FontPickerViewController.swift */,
				5A7DC80525652DB8007EB493 /* FontPicker.xib */,
			);
			path = FontPickerViewController;
			sourceTree = "<group>";
		};
		5A15924A256600DE00857FD2 /* ColorPickerViewController */ = {
			isa = PBXGroup;
			children = (
				5AE4C083256637E9004F0EFC /* ColorPicker.swift */,
				5AE4C086256637F9004F0EFC /* ColorPicker.xib */,
				5AE4C08925663C5C004F0EFC /* ColorPickerCell.swift */,
				5AE4C08A25663C5C004F0EFC /* ColorPickerCell.xib */,
			);
			path = ColorPickerViewController;
			sourceTree = "<group>";
		};
		5A48AC17256ABF360070CE17 /* SearchNameCell */ = {
			isa = PBXGroup;
			children = (
				5A48AC28256AC9BF0070CE17 /* SearchNameResultCell.swift */,
				5A48AC29256AC9BF0070CE17 /* SearchNameResultCell.xib */,
			);
			path = SearchNameCell;
			sourceTree = "<group>";
		};
		5A67FDD125681F62009AA906 /* TableRecord */ = {
			isa = PBXGroup;
			children = (
				5A48ABFC256A72580070CE17 /* GuestTableRecord.swift */,
				5A48AC00256A72640070CE17 /* GuestTableRecord.xib */,
				5A48AC07256A72A60070CE17 /* GuestTableRecordCell.swift */,
				5A48AC08256A72A60070CE17 /* GuestTableRecordCell.xib */,
			);
			path = TableRecord;
			sourceTree = "<group>";
		};
		5AAA5B5625636C940004845B = {
			isa = PBXGroup;
			children = (
				5AAA5B6125636C940004845B /* MidTerm */,
				5AAA5B6025636C940004845B /* Products */,
				CC6A031A540F27B95E0C01AE /* Pods */,
				58F66ECDD532DA1685A29AF7 /* Frameworks */,
			);
			sourceTree = "<group>";
		};
		5AAA5B6025636C940004845B /* Products */ = {
			isa = PBXGroup;
			children = (
				5AAA5B5F25636C940004845B /* MidTerm.app */,
			);
			name = Products;
			sourceTree = "<group>";
		};
		5AAA5B6125636C940004845B /* MidTerm */ = {
			isa = PBXGroup;
			children = (
				5AAA5B6225636C940004845B /* AppDelegate.swift */,
				5AAA5B6425636C940004845B /* SceneDelegate.swift */,
				5AE4C08E2566A85B004F0EFC /* Model */,
				5AFF403D25639A1E00EB9113 /* Controller */,
				5AAA5B8725636FA90004845B /* View */,
				5AAA5B6B25636C950004845B /* Assets.xcassets */,
				5AAA5B6D25636C950004845B /* LaunchScreen.storyboard */,
				5AAA5B7025636C950004845B /* Info.plist */,
				5AFF404025639CD100EB9113 /* Components.swift */,
			);
			path = MidTerm;
			sourceTree = "<group>";
		};
		5AAA5B8725636FA90004845B /* View */ = {
			isa = PBXGroup;
			children = (
				5AFF403A256399E000EB9113 /* Main.storyboard */,
			);
			path = View;
			sourceTree = "<group>";
		};
		5AE4C08E2566A85B004F0EFC /* Model */ = {
			isa = PBXGroup;
			children = (
				5AFC255D256BA31E0090DBBA /* User */,
				5A5F34A42567C404009F8845 /* GuestInfo.swift */,
				5A48AC0F256AA2D70070CE17 /* EventShow.swift */,
			);
			path = Model;
			sourceTree = "<group>";
		};
		5AFC2557256B6E250090DBBA /* WhoseSameTableCell */ = {
			isa = PBXGroup;
			children = (
				5AFC2554256B6E210090DBBA /* WhoseSameTableCell.swift */,
			);
			path = WhoseSameTableCell;
			sourceTree = "<group>";
		};
		5AFC255D256BA31E0090DBBA /* User */ = {
			isa = PBXGroup;
			children = (
				5AFC255A256B9F2B0090DBBA /* User.swift */,
				5AFC255E256BA3320090DBBA /* UserManager.swift */,
			);
			path = User;
			sourceTree = "<group>";
		};
		5AFF403D25639A1E00EB9113 /* Controller */ = {
			isa = PBXGroup;
			children = (
				5AFF40312563996900EB9113 /* LoginViewController.swift */,
				5AAA5B6625636C940004845B /* WelcomeViewController.swift */,
				5AFF40472563CC7300EB9113 /* AdminViewController.swift */,
				5AFF404A2563D9D500EB9113 /* CreateEventViewController.swift */,
				5AE262B72567977E0084717A /* AddGuestViewController.swift */,
				5AFF40442563CC2100EB9113 /* GuestWelcomeViewController.swift */,
				5AE262B325674E3F0084717A /* GuestLastNameViewController.swift */,
				5AE262BB25679AD50084717A /* GuestSearchResultViewController.swift */,
				5A5F349825679EDC009F8845 /* GuestDetailViewController.swift */,
				5AFC2557256B6E250090DBBA /* WhoseSameTableCell */,
				5A48AC17256ABF360070CE17 /* SearchNameCell */,
				5A67FDD125681F62009AA906 /* TableRecord */,
				5A15924A256600DE00857FD2 /* ColorPickerViewController */,
				5A1592472566008D00857FD2 /* FontPickerViewController */,
			);
			path = Controller;
			sourceTree = "<group>";
		};
		CC6A031A540F27B95E0C01AE /* Pods */ = {
			isa = PBXGroup;
			children = (
				3E6EF7B5943B06B848FBAB13 /* Pods-MidTerm.debug.xcconfig */,
				223D5FD838D6D7D1B3BC790B /* Pods-MidTerm.release.xcconfig */,
			);
			path = Pods;
			sourceTree = "<group>";
		};
/* End PBXGroup section */

/* Begin PBXNativeTarget section */
		5AAA5B5E25636C940004845B /* MidTerm */ = {
			isa = PBXNativeTarget;
			buildConfigurationList = 5AAA5B7325636C950004845B /* Build configuration list for PBXNativeTarget "MidTerm" */;
			buildPhases = (
				D0006AEABB56B548C9B9AC91 /* [CP] Check Pods Manifest.lock */,
				5AAA5B5B25636C940004845B /* Sources */,
				5AAA5B5C25636C940004845B /* Frameworks */,
				5AAA5B5D25636C940004845B /* Resources */,
				5CA4D2F366F07BBD756DB30A /* [CP] Embed Pods Frameworks */,
			);
			buildRules = (
			);
			dependencies = (
			);
			name = MidTerm;
			packageProductDependencies = (
				5A762C9B2566B76B00FE9B58 /* Realm */,
				5A762C9D2566B76B00FE9B58 /* RealmSwift */,
			);
			productName = MidTerm;
			productReference = 5AAA5B5F25636C940004845B /* MidTerm.app */;
			productType = "com.apple.product-type.application";
		};
/* End PBXNativeTarget section */

/* Begin PBXProject section */
		5AAA5B5725636C940004845B /* Project object */ = {
			isa = PBXProject;
			attributes = {
				LastSwiftUpdateCheck = 1200;
				LastUpgradeCheck = 1200;
				TargetAttributes = {
					5AAA5B5E25636C940004845B = {
						CreatedOnToolsVersion = 12.0;
					};
				};
			};
			buildConfigurationList = 5AAA5B5A25636C940004845B /* Build configuration list for PBXProject "MidTerm" */;
			compatibilityVersion = "Xcode 9.3";
			developmentRegion = en;
			hasScannedForEncodings = 0;
			knownRegions = (
				en,
				Base,
			);
			mainGroup = 5AAA5B5625636C940004845B;
			packageReferences = (
				5A762C9A2566B76B00FE9B58 /* XCRemoteSwiftPackageReference "realm-cocoa" */,
			);
			productRefGroup = 5AAA5B6025636C940004845B /* Products */;
			projectDirPath = "";
			projectRoot = "";
			targets = (
				5AAA5B5E25636C940004845B /* MidTerm */,
			);
		};
/* End PBXProject section */

/* Begin PBXResourcesBuildPhase section */
		5AAA5B5D25636C940004845B /* Resources */ = {
			isa = PBXResourcesBuildPhase;
			buildActionMask = 2147483647;
			files = (
				5A7DC80625652DB8007EB493 /* FontPicker.xib in Resources */,
				5AAA5B6F25636C950004845B /* LaunchScreen.storyboard in Resources */,
				5AAA5B6C25636C950004845B /* Assets.xcassets in Resources */,
				5A48AC0A256A72A60070CE17 /* GuestTableRecordCell.xib in Resources */,
				5A48AC2B256AC9BF0070CE17 /* SearchNameResultCell.xib in Resources */,
				5AE4C087256637F9004F0EFC /* ColorPicker.xib in Resources */,
				5AFF403B256399E000EB9113 /* Main.storyboard in Resources */,
				5A48AC01256A72640070CE17 /* GuestTableRecord.xib in Resources */,
				5AE4C08C25663C5C004F0EFC /* ColorPickerCell.xib in Resources */,
			);
			runOnlyForDeploymentPostprocessing = 0;
		};
/* End PBXResourcesBuildPhase section */

/* Begin PBXShellScriptBuildPhase section */
		5CA4D2F366F07BBD756DB30A /* [CP] Embed Pods Frameworks */ = {
			isa = PBXShellScriptBuildPhase;
			buildActionMask = 2147483647;
			files = (
			);
			inputFileListPaths = (
				"${PODS_ROOT}/Target Support Files/Pods-MidTerm/Pods-MidTerm-frameworks-${CONFIGURATION}-input-files.xcfilelist",
			);
			name = "[CP] Embed Pods Frameworks";
			outputFileListPaths = (
				"${PODS_ROOT}/Target Support Files/Pods-MidTerm/Pods-MidTerm-frameworks-${CONFIGURATION}-output-files.xcfilelist",
			);
			runOnlyForDeploymentPostprocessing = 0;
			shellPath = /bin/sh;
			shellScript = "\"${PODS_ROOT}/Target Support Files/Pods-MidTerm/Pods-MidTerm-frameworks.sh\"\n";
			showEnvVarsInLog = 0;
		};
		D0006AEABB56B548C9B9AC91 /* [CP] Check Pods Manifest.lock */ = {
			isa = PBXShellScriptBuildPhase;
			buildActionMask = 2147483647;
			files = (
			);
			inputFileListPaths = (
			);
			inputPaths = (
				"${PODS_PODFILE_DIR_PATH}/Podfile.lock",
				"${PODS_ROOT}/Manifest.lock",
			);
			name = "[CP] Check Pods Manifest.lock";
			outputFileListPaths = (
			);
			outputPaths = (
				"$(DERIVED_FILE_DIR)/Pods-MidTerm-checkManifestLockResult.txt",
			);
			runOnlyForDeploymentPostprocessing = 0;
			shellPath = /bin/sh;
			shellScript = "diff \"${PODS_PODFILE_DIR_PATH}/Podfile.lock\" \"${PODS_ROOT}/Manifest.lock\" > /dev/null\nif [ $? != 0 ] ; then\n    # print error to STDERR\n    echo \"error: The sandbox is not in sync with the Podfile.lock. Run 'pod install' or update your CocoaPods installation.\" >&2\n    exit 1\nfi\n# This output is used by Xcode 'outputs' to avoid re-running this script phase.\necho \"SUCCESS\" > \"${SCRIPT_OUTPUT_FILE_0}\"\n";
			showEnvVarsInLog = 0;
		};
/* End PBXShellScriptBuildPhase section */

/* Begin PBXSourcesBuildPhase section */
		5AAA5B5B25636C940004845B /* Sources */ = {
			isa = PBXSourcesBuildPhase;
			buildActionMask = 2147483647;
			files = (
				5AFF40452563CC2100EB9113 /* GuestWelcomeViewController.swift in Sources */,
				5AFF40322563996900EB9113 /* LoginViewController.swift in Sources */,
				5AAA5B6725636C940004845B /* WelcomeViewController.swift in Sources */,
				5A48AC09256A72A60070CE17 /* GuestTableRecordCell.swift in Sources */,
				5A5F34A52567C404009F8845 /* GuestInfo.swift in Sources */,
				5AE4C08B25663C5C004F0EFC /* ColorPickerCell.swift in Sources */,
				5A48AC10256AA2D70070CE17 /* EventShow.swift in Sources */,
				5AFC255F256BA3320090DBBA /* UserManager.swift in Sources */,
				5A5F349925679EDC009F8845 /* GuestDetailViewController.swift in Sources */,
				5AFF404125639CD100EB9113 /* Components.swift in Sources */,
				5A48ABFD256A72580070CE17 /* GuestTableRecord.swift in Sources */,
				5AFC255B256B9F2B0090DBBA /* User.swift in Sources */,
				5AE262B82567977E0084717A /* AddGuestViewController.swift in Sources */,
				5AFC2555256B6E210090DBBA /* WhoseSameTableCell.swift in Sources */,
				5AFF40482563CC7300EB9113 /* AdminViewController.swift in Sources */,
				5AE262BC25679AD50084717A /* GuestSearchResultViewController.swift in Sources */,
				5AAA5B6325636C940004845B /* AppDelegate.swift in Sources */,
				5AAA5B6525636C940004845B /* SceneDelegate.swift in Sources */,
				5AE262B425674E3F0084717A /* GuestLastNameViewController.swift in Sources */,
				5AE4C084256637E9004F0EFC /* ColorPicker.swift in Sources */,
				5AFF404B2563D9D500EB9113 /* CreateEventViewController.swift in Sources */,
				5A7DC80325652D9D007EB493 /* FontPickerViewController.swift in Sources */,
				5A48AC2A256AC9BF0070CE17 /* SearchNameResultCell.swift in Sources */,
			);
			runOnlyForDeploymentPostprocessing = 0;
		};
/* End PBXSourcesBuildPhase section */

/* Begin PBXVariantGroup section */
		5AAA5B6D25636C950004845B /* LaunchScreen.storyboard */ = {
			isa = PBXVariantGroup;
			children = (
				5AAA5B6E25636C950004845B /* Base */,
			);
			name = LaunchScreen.storyboard;
			sourceTree = "<group>";
		};
/* End PBXVariantGroup section */

/* Begin XCBuildConfiguration section */
		5AAA5B7125636C950004845B /* Debug */ = {
			isa = XCBuildConfiguration;
			buildSettings = {
				ALWAYS_SEARCH_USER_PATHS = NO;
				CLANG_ANALYZER_NONNULL = YES;
				CLANG_ANALYZER_NUMBER_OBJECT_CONVERSION = YES_AGGRESSIVE;
				CLANG_CXX_LANGUAGE_STANDARD = "gnu++14";
				CLANG_CXX_LIBRARY = "libc++";
				CLANG_ENABLE_MODULES = YES;
				CLANG_ENABLE_OBJC_ARC = YES;
				CLANG_ENABLE_OBJC_WEAK = YES;
				CLANG_WARN_BLOCK_CAPTURE_AUTORELEASING = YES;
				CLANG_WARN_BOOL_CONVERSION = YES;
				CLANG_WARN_COMMA = YES;
				CLANG_WARN_CONSTANT_CONVERSION = YES;
				CLANG_WARN_DEPRECATED_OBJC_IMPLEMENTATIONS = YES;
				CLANG_WARN_DIRECT_OBJC_ISA_USAGE = YES_ERROR;
				CLANG_WARN_DOCUMENTATION_COMMENTS = YES;
				CLANG_WARN_EMPTY_BODY = YES;
				CLANG_WARN_ENUM_CONVERSION = YES;
				CLANG_WARN_INFINITE_RECURSION = YES;
				CLANG_WARN_INT_CONVERSION = YES;
				CLANG_WARN_NON_LITERAL_NULL_CONVERSION = YES;
				CLANG_WARN_OBJC_IMPLICIT_RETAIN_SELF = YES;
				CLANG_WARN_OBJC_LITERAL_CONVERSION = YES;
				CLANG_WARN_OBJC_ROOT_CLASS = YES_ERROR;
				CLANG_WARN_QUOTED_INCLUDE_IN_FRAMEWORK_HEADER = YES;
				CLANG_WARN_RANGE_LOOP_ANALYSIS = YES;
				CLANG_WARN_STRICT_PROTOTYPES = YES;
				CLANG_WARN_SUSPICIOUS_MOVE = YES;
				CLANG_WARN_UNGUARDED_AVAILABILITY = YES_AGGRESSIVE;
				CLANG_WARN_UNREACHABLE_CODE = YES;
				CLANG_WARN__DUPLICATE_METHOD_MATCH = YES;
				COPY_PHASE_STRIP = NO;
				DEBUG_INFORMATION_FORMAT = dwarf;
				ENABLE_STRICT_OBJC_MSGSEND = YES;
				ENABLE_TESTABILITY = YES;
				GCC_C_LANGUAGE_STANDARD = gnu11;
				GCC_DYNAMIC_NO_PIC = NO;
				GCC_NO_COMMON_BLOCKS = YES;
				GCC_OPTIMIZATION_LEVEL = 0;
				GCC_PREPROCESSOR_DEFINITIONS = (
					"DEBUG=1",
					"$(inherited)",
				);
				GCC_WARN_64_TO_32_BIT_CONVERSION = YES;
				GCC_WARN_ABOUT_RETURN_TYPE = YES_ERROR;
				GCC_WARN_UNDECLARED_SELECTOR = YES;
				GCC_WARN_UNINITIALIZED_AUTOS = YES_AGGRESSIVE;
				GCC_WARN_UNUSED_FUNCTION = YES;
				GCC_WARN_UNUSED_VARIABLE = YES;
				IPHONEOS_DEPLOYMENT_TARGET = 14.0;
				MTL_ENABLE_DEBUG_INFO = INCLUDE_SOURCE;
				MTL_FAST_MATH = YES;
				ONLY_ACTIVE_ARCH = YES;
				SDKROOT = iphoneos;
				SWIFT_ACTIVE_COMPILATION_CONDITIONS = DEBUG;
				SWIFT_OPTIMIZATION_LEVEL = "-Onone";
			};
			name = Debug;
		};
		5AAA5B7225636C950004845B /* Release */ = {
			isa = XCBuildConfiguration;
			buildSettings = {
				ALWAYS_SEARCH_USER_PATHS = NO;
				CLANG_ANALYZER_NONNULL = YES;
				CLANG_ANALYZER_NUMBER_OBJECT_CONVERSION = YES_AGGRESSIVE;
				CLANG_CXX_LANGUAGE_STANDARD = "gnu++14";
				CLANG_CXX_LIBRARY = "libc++";
				CLANG_ENABLE_MODULES = YES;
				CLANG_ENABLE_OBJC_ARC = YES;
				CLANG_ENABLE_OBJC_WEAK = YES;
				CLANG_WARN_BLOCK_CAPTURE_AUTORELEASING = YES;
				CLANG_WARN_BOOL_CONVERSION = YES;
				CLANG_WARN_COMMA = YES;
				CLANG_WARN_CONSTANT_CONVERSION = YES;
				CLANG_WARN_DEPRECATED_OBJC_IMPLEMENTATIONS = YES;
				CLANG_WARN_DIRECT_OBJC_ISA_USAGE = YES_ERROR;
				CLANG_WARN_DOCUMENTATION_COMMENTS = YES;
				CLANG_WARN_EMPTY_BODY = YES;
				CLANG_WARN_ENUM_CONVERSION = YES;
				CLANG_WARN_INFINITE_RECURSION = YES;
				CLANG_WARN_INT_CONVERSION = YES;
				CLANG_WARN_NON_LITERAL_NULL_CONVERSION = YES;
				CLANG_WARN_OBJC_IMPLICIT_RETAIN_SELF = YES;
				CLANG_WARN_OBJC_LITERAL_CONVERSION = YES;
				CLANG_WARN_OBJC_ROOT_CLASS = YES_ERROR;
				CLANG_WARN_QUOTED_INCLUDE_IN_FRAMEWORK_HEADER = YES;
				CLANG_WARN_RANGE_LOOP_ANALYSIS = YES;
				CLANG_WARN_STRICT_PROTOTYPES = YES;
				CLANG_WARN_SUSPICIOUS_MOVE = YES;
				CLANG_WARN_UNGUARDED_AVAILABILITY = YES_AGGRESSIVE;
				CLANG_WARN_UNREACHABLE_CODE = YES;
				CLANG_WARN__DUPLICATE_METHOD_MATCH = YES;
				COPY_PHASE_STRIP = NO;
				DEBUG_INFORMATION_FORMAT = "dwarf-with-dsym";
				ENABLE_NS_ASSERTIONS = NO;
				ENABLE_STRICT_OBJC_MSGSEND = YES;
				GCC_C_LANGUAGE_STANDARD = gnu11;
				GCC_NO_COMMON_BLOCKS = YES;
				GCC_WARN_64_TO_32_BIT_CONVERSION = YES;
				GCC_WARN_ABOUT_RETURN_TYPE = YES_ERROR;
				GCC_WARN_UNDECLARED_SELECTOR = YES;
				GCC_WARN_UNINITIALIZED_AUTOS = YES_AGGRESSIVE;
				GCC_WARN_UNUSED_FUNCTION = YES;
				GCC_WARN_UNUSED_VARIABLE = YES;
				IPHONEOS_DEPLOYMENT_TARGET = 14.0;
				MTL_ENABLE_DEBUG_INFO = NO;
				MTL_FAST_MATH = YES;
				SDKROOT = iphoneos;
				SWIFT_COMPILATION_MODE = wholemodule;
				SWIFT_OPTIMIZATION_LEVEL = "-O";
				VALIDATE_PRODUCT = YES;
			};
			name = Release;
		};
		5AAA5B7425636C950004845B /* Debug */ = {
			isa = XCBuildConfiguration;
			baseConfigurationReference = 3E6EF7B5943B06B848FBAB13 /* Pods-MidTerm.debug.xcconfig */;
			buildSettings = {
				ASSETCATALOG_COMPILER_APPICON_NAME = AppIcon;
				ASSETCATALOG_COMPILER_GLOBAL_ACCENT_COLOR_NAME = AccentColor;
				CODE_SIGN_STYLE = Automatic;
				INFOPLIST_FILE = MidTerm/Info.plist;
				LD_RUNPATH_SEARCH_PATHS = (
					"$(inherited)",
					"@executable_path/Frameworks",
				);
				PRODUCT_BUNDLE_IDENTIFIER = ndmt1at21.MidTerm;
				PRODUCT_NAME = "$(TARGET_NAME)";
				SWIFT_VERSION = 5.0;
				TARGETED_DEVICE_FAMILY = "1,2";
			};
			name = Debug;
		};
		5AAA5B7525636C950004845B /* Release */ = {
			isa = XCBuildConfiguration;
			baseConfigurationReference = 223D5FD838D6D7D1B3BC790B /* Pods-MidTerm.release.xcconfig */;
			buildSettings = {
				ASSETCATALOG_COMPILER_APPICON_NAME = AppIcon;
				ASSETCATALOG_COMPILER_GLOBAL_ACCENT_COLOR_NAME = AccentColor;
				CODE_SIGN_STYLE = Automatic;
				INFOPLIST_FILE = MidTerm/Info.plist;
				LD_RUNPATH_SEARCH_PATHS = (
					"$(inherited)",
					"@executable_path/Frameworks",
				);
				PRODUCT_BUNDLE_IDENTIFIER = ndmt1at21.MidTerm;
				PRODUCT_NAME = "$(TARGET_NAME)";
				SWIFT_VERSION = 5.0;
				TARGETED_DEVICE_FAMILY = "1,2";
			};
			name = Release;
		};
/* End XCBuildConfiguration section */

/* Begin XCConfigurationList section */
		5AAA5B5A25636C940004845B /* Build configuration list for PBXProject "MidTerm" */ = {
			isa = XCConfigurationList;
			buildConfigurations = (
				5AAA5B7125636C950004845B /* Debug */,
				5AAA5B7225636C950004845B /* Release */,
			);
			defaultConfigurationIsVisible = 0;
			defaultConfigurationName = Release;
		};
		5AAA5B7325636C950004845B /* Build configuration list for PBXNativeTarget "MidTerm" */ = {
			isa = XCConfigurationList;
			buildConfigurations = (
				5AAA5B7425636C950004845B /* Debug */,
				5AAA5B7525636C950004845B /* Release */,
			);
			defaultConfigurationIsVisible = 0;
			defaultConfigurationName = Release;
		};
/* End XCConfigurationList section */

/* Begin XCRemoteSwiftPackageReference section */
		5A762C9A2566B76B00FE9B58 /* XCRemoteSwiftPackageReference "realm-cocoa" */ = {
			isa = XCRemoteSwiftPackageReference;
			repositoryURL = "https://github.com/realm/realm-cocoa";
			requirement = {
				kind = upToNextMajorVersion;
				minimumVersion = 10.1.4;
			};
		};
/* End XCRemoteSwiftPackageReference section */

/* Begin XCSwiftPackageProductDependency section */
		5A762C9B2566B76B00FE9B58 /* Realm */ = {
			isa = XCSwiftPackageProductDependency;
			package = 5A762C9A2566B76B00FE9B58 /* XCRemoteSwiftPackageReference "realm-cocoa" */;
			productName = Realm;
		};
		5A762C9D2566B76B00FE9B58 /* RealmSwift */ = {
			isa = XCSwiftPackageProductDependency;
			package = 5A762C9A2566B76B00FE9B58 /* XCRemoteSwiftPackageReference "realm-cocoa" */;
			productName = RealmSwift;
		};
/* End XCSwiftPackageProductDependency section */
	};
	rootObject = 5AAA5B5725636C940004845B /* Project object */;
}
